
Microsoft Visual Studio Solution File, Format Version 12.00
# Visual Studio Version 17
VisualStudioVersion = 17.7.34024.191
MinimumVisualStudioVersion = 10.0.40219.1
Project("{8BC9CEB8-8B4A-11D0-8D11-00A0C91BC942}") = "Flappy Bird", "Flappy Bird.vcxproj", "{392C085D-137F-4478-B3D3-416399238704}"
EndProject
Global
	GlobalSection(SolutionConfigurationPlatforms) = preSolution
		Debug|x64 = Debug|x64
		Debug|x86 = Debug|x86
		Release|x64 = Release|x64
		Release|x86 = Release|x86
	EndGlobalSection
	GlobalSection(ProjectConfigurationPlatforms) = postSolution
		{392C085D-137F-4478-B3D3-416399238704}.Debug|x64.ActiveCfg = Debug|x64
		{392C085D-137F-4478-B3D3-416399238704}.Debug|x64.Build.0 = Debug|x64
		{392C085D-137F-4478-B3D3-416399238704}.Debug|x86.ActiveCfg = Debug|Win32
		{392C085D-137F-4478-B3D3-416399238704}.Debug|x86.Build.0 = Debug|Win32
		{392C085D-137F-4478-B3D3-416399238704}.Release|x64.ActiveCfg = Release|x64
		{392C085D-137F-4478-B3D3-416399238704}.Release|x64.Build.0 = Release|x64
		{392C085D-137F-4478-B3D3-416399238704}.Release|x86.ActiveCfg = Release|Win32
		{392C085D-137F-4478-B3D3-416399238704}.Release|x86.Build.0 = Release|Win32
	EndGlobalSection
	GlobalSection(SolutionProperties) = preSolution
		HideSolutionNode = FALSE
	EndGlobalSection
	GlobalSection(ExtensibilityGlobals) = postSolution
		SolutionGuid = {70535B59-5778-4E6E-8469-3D03E7D6193C}
	EndGlobalSection
EndGlobal
